
Microsoft Visual Studio Solution File, Format Version 12.00
# Visual Studio 16
Project("{FAE04EC0-301F-11D3-BF4B-00C04F79EFBC}") = "NavMeshComponentsExamples", "NavMeshComponentsExamples.csproj", "{04663760-F683-0B4C-0023-30D93C2E1A8B}"
EndProject
Project("{FAE04EC0-301F-11D3-BF4B-00C04F79EFBC}") = "Assembly-CSharp", "Assembly-CSharp.csproj", "{A9085AAC-AFE9-0CD5-CAD6-0826641130B3}"
EndProject
Project("{FAE04EC0-301F-11D3-BF4B-00C04F79EFBC}") = "NavMeshComponents", "NavMeshComponents.csproj", "{DFDD9AEA-272B-FDE6-CB00-9664EB083AC2}"
EndProject
Project("{FAE04EC0-301F-11D3-BF4B-00C04F79EFBC}") = "NavMeshComponentsTestsPlaymode", "NavMeshComponentsTestsPlaymode.csproj", "{F57E86AF-ED00-3669-018B-A2DC69181E36}"
EndProject
Project("{FAE04EC0-301F-11D3-BF4B-00C04F79EFBC}") = "NavMeshComponentsEditor", "NavMeshComponentsEditor.csproj", "{385B4A88-2653-FB73-96AE-07D37A02E874}"
EndProject
Project("{FAE04EC0-301F-11D3-BF4B-00C04F79EFBC}") = "NavMeshComponentsTestsEditmode", "NavMeshComponentsTestsEditmode.csproj", "{A8F77F78-00C7-4C6A-EE09-4BD77FA05D40}"
EndProject
Project("{FAE04EC0-301F-11D3-BF4B-00C04F79EFBC}") = "NavMeshComponentsExamplesEditor", "NavMeshComponentsExamplesEditor.csproj", "{1EB6E03B-550A-18FC-2226-2BC6D081EB9A}"
EndProject
Global
	GlobalSection(SolutionConfigurationPlatforms) = preSolution
		Debug|Any CPU = Debug|Any CPU
		Release|Any CPU = Release|Any CPU
	EndGlobalSection
	GlobalSection(ProjectConfigurationPlatforms) = postSolution
		{04663760-F683-0B4C-0023-30D93C2E1A8B}.Debug|Any CPU.ActiveCfg = Debug|Any CPU
		{04663760-F683-0B4C-0023-30D93C2E1A8B}.Debug|Any CPU.Build.0 = Debug|Any CPU
		{04663760-F683-0B4C-0023-30D93C2E1A8B}.Release|Any CPU.ActiveCfg = Release|Any CPU
		{04663760-F683-0B4C-0023-30D93C2E1A8B}.Release|Any CPU.Build.0 = Release|Any CPU
		{A9085AAC-AFE9-0CD5-CAD6-0826641130B3}.Debug|Any CPU.ActiveCfg = Debug|Any CPU
		{A9085AAC-AFE9-0CD5-CAD6-0826641130B3}.Debug|Any CPU.Build.0 = Debug|Any CPU
		{A9085AAC-AFE9-0CD5-CAD6-0826641130B3}.Release|Any CPU.ActiveCfg = Release|Any CPU
		{A9085AAC-AFE9-0CD5-CAD6-0826641130B3}.Release|Any CPU.Build.0 = Release|Any CPU
		{DFDD9AEA-272B-FDE6-CB00-9664EB083AC2}.Debug|Any CPU.ActiveCfg = Debug|Any CPU
		{DFDD9AEA-272B-FDE6-CB00-9664EB083AC2}.Debug|Any CPU.Build.0 = Debug|Any CPU
		{DFDD9AEA-272B-FDE6-CB00-9664EB083AC2}.Release|Any CPU.ActiveCfg = Release|Any CPU
		{DFDD9AEA-272B-FDE6-CB00-9664EB083AC2}.Release|Any CPU.Build.0 = Release|Any CPU
		{F57E86AF-ED00-3669-018B-A2DC69181E36}.Debug|Any CPU.ActiveCfg = Debug|Any CPU
		{F57E86AF-ED00-3669-018B-A2DC69181E36}.Debug|Any CPU.Build.0 = Debug|Any CPU
		{F57E86AF-ED00-3669-018B-A2DC69181E36}.Release|Any CPU.ActiveCfg = Release|Any CPU
		{F57E86AF-ED00-3669-018B-A2DC69181E36}.Release|Any CPU.Build.0 = Release|Any CPU
		{385B4A88-2653-FB73-96AE-07D37A02E874}.Debug|Any CPU.ActiveCfg = Debug|Any CPU
		{385B4A88-2653-FB73-96AE-07D37A02E874}.Debug|Any CPU.Build.0 = Debug|Any CPU
		{385B4A88-2653-FB73-96AE-07D37A02E874}.Release|Any CPU.ActiveCfg = Release|Any CPU
		{385B4A88-2653-FB73-96AE-07D37A02E874}.Release|Any CPU.Build.0 = Release|Any CPU
		{A8F77F78-00C7-4C6A-EE09-4BD77FA05D40}.Debug|Any CPU.ActiveCfg = Debug|Any CPU
		{A8F77F78-00C7-4C6A-EE09-4BD77FA05D40}.Debug|Any CPU.Build.0 = Debug|Any CPU
		{A8F77F78-00C7-4C6A-EE09-4BD77FA05D40}.Release|Any CPU.ActiveCfg = Release|Any CPU
		{A8F77F78-00C7-4C6A-EE09-4BD77FA05D40}.Release|Any CPU.Build.0 = Release|Any CPU
		{1EB6E03B-550A-18FC-2226-2BC6D081EB9A}.Debug|Any CPU.ActiveCfg = Debug|Any CPU
		{1EB6E03B-550A-18FC-2226-2BC6D081EB9A}.Debug|Any CPU.Build.0 = Debug|Any CPU
		{1EB6E03B-550A-18FC-2226-2BC6D081EB9A}.Release|Any CPU.ActiveCfg = Release|Any CPU
		{1EB6E03B-550A-18FC-2226-2BC6D081EB9A}.Release|Any CPU.Build.0 = Release|Any CPU
	EndGlobalSection
	GlobalSection(SolutionProperties) = preSolution
		HideSolutionNode = FALSE
	EndGlobalSection
EndGlobal
